
Microsoft Visual Studio Solution File, Format Version 12.00
# Visual Studio Version 17
VisualStudioVersion = 17.6.33829.357
MinimumVisualStudioVersion = 10.0.40219.1
Project("{8BC9CEB8-8B4A-11D0-8D11-00A0C91BC942}") = "StackTrace", "StackTrace.vcxproj", "{1B5E843A-EF25-4E66-8E99-531CF0B0027E}"
EndProject
Project("{911E67C6-3D85-4FCE-B560-20A9C3E3FF48}") = "ConsoleApplication1", "..\..\..\..\ConsoleApplication1\x64\Debug\ConsoleApplication1.exe", "{4028C116-1A3B-445B-8FB0-EB045D24EF52}"
	ProjectSection(DebuggerProjectSystem) = preProject
		PortSupplier = 00000000-0000-0000-0000-000000000000
		Executable = C:\ConsoleApplication1\x64\Debug\ConsoleApplication1.exe
		RemoteMachine = AUGMA
		StartingDirectory = C:\ConsoleApplication1\x64\Debug
		Environment = Default
		LaunchingEngine = 00000000-0000-0000-0000-000000000000
		UseLegacyDebugEngines = No
		LaunchSQLEngine = No
		AttachLaunchAction = No
		IORedirection = Auto
	EndProjectSection
EndProject
Global
	GlobalSection(SolutionConfigurationPlatforms) = preSolution
		Debug|x64 = Debug|x64
		Debug|x86 = Debug|x86
		Release|x64 = Release|x64
		Release|x86 = Release|x86
	EndGlobalSection
	GlobalSection(ProjectConfigurationPlatforms) = postSolution
		{1B5E843A-EF25-4E66-8E99-531CF0B0027E}.Debug|x64.ActiveCfg = Debug|x64
		{1B5E843A-EF25-4E66-8E99-531CF0B0027E}.Debug|x64.Build.0 = Debug|x64
		{1B5E843A-EF25-4E66-8E99-531CF0B0027E}.Debug|x86.ActiveCfg = Debug|Win32
		{1B5E843A-EF25-4E66-8E99-531CF0B0027E}.Debug|x86.Build.0 = Debug|Win32
		{1B5E843A-EF25-4E66-8E99-531CF0B0027E}.Release|x64.ActiveCfg = Release|x64
		{1B5E843A-EF25-4E66-8E99-531CF0B0027E}.Release|x64.Build.0 = Release|x64
		{1B5E843A-EF25-4E66-8E99-531CF0B0027E}.Release|x86.ActiveCfg = Release|Win32
		{1B5E843A-EF25-4E66-8E99-531CF0B0027E}.Release|x86.Build.0 = Release|Win32
		{4028C116-1A3B-445B-8FB0-EB045D24EF52}.Debug|x64.ActiveCfg = Release|x64
		{4028C116-1A3B-445B-8FB0-EB045D24EF52}.Debug|x86.ActiveCfg = Release|x64
		{4028C116-1A3B-445B-8FB0-EB045D24EF52}.Release|x64.ActiveCfg = Release|x64
		{4028C116-1A3B-445B-8FB0-EB045D24EF52}.Release|x86.ActiveCfg = Release|x64
	EndGlobalSection
	GlobalSection(SolutionProperties) = preSolution
		HideSolutionNode = FALSE
	EndGlobalSection
	GlobalSection(ExtensibilityGlobals) = postSolution
		SolutionGuid = {D9A76861-CCC0-4CBA-800A-CBF966C6158A}
	EndGlobalSection
EndGlobal
